
Microsoft Visual Studio Solution File, Format Version 12.00
# Visual Studio Version 16
VisualStudioVersion = 16.0.30907.101
MinimumVisualStudioVersion = 10.0.40219.1
Project("{FAE04EC0-301F-11D3-BF4B-00C04F79EFBC}") = "Завдання 1", "Завдання 1\Завдання 1.csproj", "{83F8EC99-608A-4FCE-97D1-3BAD3247B416}"
EndProject
Project("{FAE04EC0-301F-11D3-BF4B-00C04F79EFBC}") = "Завдання 2", "Завдання 2\Завдання 2.csproj", "{6D191E89-EA30-41EF-9929-BEBC3BFEDB51}"
EndProject
Project("{FAE04EC0-301F-11D3-BF4B-00C04F79EFBC}") = "Завдання 3", "Завдання 3\Завдання 3.csproj", "{4C63AB53-A55E-484A-AB51-159E222C3D92}"
EndProject
Global
	GlobalSection(SolutionConfigurationPlatforms) = preSolution
		Debug|Any CPU = Debug|Any CPU
		Release|Any CPU = Release|Any CPU
	EndGlobalSection
	GlobalSection(ProjectConfigurationPlatforms) = postSolution
		{83F8EC99-608A-4FCE-97D1-3BAD3247B416}.Debug|Any CPU.ActiveCfg = Debug|Any CPU
		{83F8EC99-608A-4FCE-97D1-3BAD3247B416}.Debug|Any CPU.Build.0 = Debug|Any CPU
		{83F8EC99-608A-4FCE-97D1-3BAD3247B416}.Release|Any CPU.ActiveCfg = Release|Any CPU
		{83F8EC99-608A-4FCE-97D1-3BAD3247B416}.Release|Any CPU.Build.0 = Release|Any CPU
		{6D191E89-EA30-41EF-9929-BEBC3BFEDB51}.Debug|Any CPU.ActiveCfg = Debug|Any CPU
		{6D191E89-EA30-41EF-9929-BEBC3BFEDB51}.Debug|Any CPU.Build.0 = Debug|Any CPU
		{6D191E89-EA30-41EF-9929-BEBC3BFEDB51}.Release|Any CPU.ActiveCfg = Release|Any CPU
		{6D191E89-EA30-41EF-9929-BEBC3BFEDB51}.Release|Any CPU.Build.0 = Release|Any CPU
		{4C63AB53-A55E-484A-AB51-159E222C3D92}.Debug|Any CPU.ActiveCfg = Debug|Any CPU
		{4C63AB53-A55E-484A-AB51-159E222C3D92}.Debug|Any CPU.Build.0 = Debug|Any CPU
		{4C63AB53-A55E-484A-AB51-159E222C3D92}.Release|Any CPU.ActiveCfg = Release|Any CPU
		{4C63AB53-A55E-484A-AB51-159E222C3D92}.Release|Any CPU.Build.0 = Release|Any CPU
	EndGlobalSection
	GlobalSection(SolutionProperties) = preSolution
		HideSolutionNode = FALSE
	EndGlobalSection
	GlobalSection(ExtensibilityGlobals) = postSolution
		SolutionGuid = {0A738EB1-89B2-4E3F-94F9-B16544E7397A}
	EndGlobalSection
EndGlobal
